// !$*UTF8*$!
{
	archiveVersion = 1;
	classes = {
	};
	objectVersion = 77;
	objects = {

/* Begin PBXBuildFile section */
		8458AD192117A1AF372E50E2 /* Pods_MayaExamTests.framework in Frameworks */ = {isa = PBXBuildFile; fileRef = 7E7A6549EA96D9B958533CD0 /* Pods_MayaExamTests.framework */; };
		B967E010226CFD6A47694BD1 /* Pods_MayaExam.framework in Frameworks */ = {isa = PBXBuildFile; fileRef = 589349ACFAEABB4D47C0CAFB /* Pods_MayaExam.framework */; };
		C68EE16477075572511F0CEC /* Pods_MayaExam_MayaExamUITests.framework in Frameworks */ = {isa = PBXBuildFile; fileRef = 3E62A7CE886A75C3575D4934 /* Pods_MayaExam_MayaExamUITests.framework */; };
/* End PBXBuildFile section */

/* Begin PBXContainerItemProxy section */
		C3D870D52F87DF5000CB1007 /* PBXContainerItemProxy */ = {
			isa = PBXContainerItemProxy;
			containerPortal = C3D870B62F87DF4F00CB1007 /* Project object */;
			proxyType = 1;
			remoteGlobalIDString = C3D870BD2F87DF4F00CB1007;
			remoteInfo = MayaExam;
		};
		C3D870DF2F87DF5000CB1007 /* PBXContainerItemProxy */ = {
			isa = PBXContainerItemProxy;
			containerPortal = C3D870B62F87DF4F00CB1007 /* Project object */;
			proxyType = 1;
			remoteGlobalIDString = C3D870BD2F87DF4F00CB1007;
			remoteInfo = MayaExam;
		};
/* End PBXContainerItemProxy section */

/* Begin PBXFileReference section */
		07D24EB11F9E9F3B11E75DD8 /* Pods-MayaExam.debug.xcconfig */ = {isa = PBXFileReference; includeInIndex = 1; lastKnownFileType = text.xcconfig; name = "Pods-MayaExam.debug.xcconfig"; path = "Target Support Files/Pods-MayaExam/Pods-MayaExam.debug.xcconfig"; sourceTree = "<group>"; };
		1ACCBB3BF6F8D21DB32154DB /* Pods-MayaExamTests.release.xcconfig */ = {isa = PBXFileReference; includeInIndex = 1; lastKnownFileType = text.xcconfig; name = "Pods-MayaExamTests.release.xcconfig"; path = "Target Support Files/Pods-MayaExamTests/Pods-MayaExamTests.release.xcconfig"; sourceTree = "<group>"; };
		3E62A7CE886A75C3575D4934 /* Pods_MayaExam_MayaExamUITests.framework */ = {isa = PBXFileReference; explicitFileType = wrapper.framework; includeInIndex = 0; path = Pods_MayaExam_MayaExamUITests.framework; sourceTree = BUILT_PRODUCTS_DIR; };
		4D55387CBE46C65F4389AFCC /* Pods-MayaExam-MayaExamUITests.release.xcconfig */ = {isa = PBXFileReference; includeInIndex = 1; lastKnownFileType = text.xcconfig; name = "Pods-MayaExam-MayaExamUITests.release.xcconfig"; path = "Target Support Files/Pods-MayaExam-MayaExamUITests/Pods-MayaExam-MayaExamUITests.release.xcconfig"; sourceTree = "<group>"; };
		572C5D84D5F7BC9A1F4B4312 /* Pods-MayaExam.release.xcconfig */ = {isa = PBXFileReference; includeInIndex = 1; lastKnownFileType = text.xcconfig; name = "Pods-MayaExam.release.xcconfig"; path = "Target Support Files/Pods-MayaExam/Pods-MayaExam.release.xcconfig"; sourceTree = "<group>"; };
		589349ACFAEABB4D47C0CAFB /* Pods_MayaExam.framework */ = {isa = PBXFileReference; explicitFileType = wrapper.framework; includeInIndex = 0; path = Pods_MayaExam.framework; sourceTree = BUILT_PRODUCTS_DIR; };
		756298D6B6A7974D4C32E607 /* Pods-MayaExam-MayaExamUITests.debug.xcconfig */ = {isa = PBXFileReference; includeInIndex = 1; lastKnownFileType = text.xcconfig; name = "Pods-MayaExam-MayaExamUITests.debug.xcconfig"; path = "Target Support Files/Pods-MayaExam-MayaExamUITests/Pods-MayaExam-MayaExamUITests.debug.xcconfig"; sourceTree = "<group>"; };
		7E7A6549EA96D9B958533CD0 /* Pods_MayaExamTests.framework */ = {isa = PBXFileReference; explicitFileType = wrapper.framework; includeInIndex = 0; path = Pods_MayaExamTests.framework; sourceTree = BUILT_PRODUCTS_DIR; };
		C3D870BE2F87DF4F00CB1007 /* MayaExam.app */ = {isa = PBXFileReference; explicitFileType = wrapper.application; includeInIndex = 0; path = MayaExam.app; sourceTree = BUILT_PRODUCTS_DIR; };
		C3D870D42F87DF5000CB1007 /* MayaExamTests.xctest */ = {isa = PBXFileReference; explicitFileType = wrapper.cfbundle; includeInIndex = 0; path = MayaExamTests.xctest; sourceTree = BUILT_PRODUCTS_DIR; };
		C3D870DE2F87DF5000CB1007 /* MayaExamUITests.xctest */ = {isa = PBXFileReference; explicitFileType = wrapper.cfbundle; includeInIndex = 0; path = MayaExamUITests.xctest; sourceTree = BUILT_PRODUCTS_DIR; };
		D3616713BF0A89416855644A /* Pods-MayaExamTests.debug.xcconfig */ = {isa = PBXFileReference; includeInIndex = 1; lastKnownFileType = text.xcconfig; name = "Pods-MayaExamTests.debug.xcconfig"; path = "Target Support Files/Pods-MayaExamTests/Pods-MayaExamTests.debug.xcconfig"; sourceTree = "<group>"; };
/* End PBXFileReference section */

/* Begin PBXFileSystemSynchronizedBuildFileExceptionSet section */
		C3D870E62F87DF5000CB1007 /* Exceptions for "MayaExam" folder in "MayaExam" target */ = {
			isa = PBXFileSystemSynchronizedBuildFileExceptionSet;
			membershipExceptions = (
				Info.plist,
			);
			target = C3D870BD2F87DF4F00CB1007 /* MayaExam */;
		};
/* End PBXFileSystemSynchronizedBuildFileExceptionSet section */

/* Begin PBXFileSystemSynchronizedRootGroup section */
		C3D870C02F87DF4F00CB1007 /* MayaExam */ = {
			isa = PBXFileSystemSynchronizedRootGroup;
			exceptions = (
				C3D870E62F87DF5000CB1007 /* Exceptions for "MayaExam" folder in "MayaExam" target */,
			);
			path = MayaExam;
			sourceTree = "<group>";
		};
		C3D870D72F87DF5000CB1007 /* MayaExamTests */ = {
			isa = PBXFileSystemSynchronizedRootGroup;
			exceptions = (
			);
			path = MayaExamTests;
			sourceTree = "<group>";
		};
		C3D870E12F87DF5000CB1007 /* MayaExamUITests */ = {
			isa = PBXFileSystemSynchronizedRootGroup;
			exceptions = (
			);
			path = MayaExamUITests;
			sourceTree = "<group>";
		};
/* End PBXFileSystemSynchronizedRootGroup section */

/* Begin PBXFrameworksBuildPhase section */
		C3D870BB2F87DF4F00CB1007 /* Frameworks */ = {
			isa = PBXFrameworksBuildPhase;
			buildActionMask = 2147483647;
			files = (
				B967E010226CFD6A47694BD1 /* Pods_MayaExam.framework in Frameworks */,
			);
			runOnlyForDeploymentPostprocessing = 0;
		};
		C3D870D12F87DF5000CB1007 /* Frameworks */ = {
			isa = PBXFrameworksBuildPhase;
			buildActionMask = 2147483647;
			files = (
				8458AD192117A1AF372E50E2 /* Pods_MayaExamTests.framework in Frameworks */,
			);
			runOnlyForDeploymentPostprocessing = 0;
		};
		C3D870DB2F87DF5000CB1007 /* Frameworks */ = {
			isa = PBXFrameworksBuildPhase;
			buildActionMask = 2147483647;
			files = (
				C68EE16477075572511F0CEC /* Pods_MayaExam_MayaExamUITests.framework in Frameworks */,
			);
			runOnlyForDeploymentPostprocessing = 0;
		};
/* End PBXFrameworksBuildPhase section */

/* Begin PBXGroup section */
		84C48FF7B96ED057EDB912FB /* Pods */ = {
			isa = PBXGroup;
			children = (
				07D24EB11F9E9F3B11E75DD8 /* Pods-MayaExam.debug.xcconfig */,
				572C5D84D5F7BC9A1F4B4312 /* Pods-MayaExam.release.xcconfig */,
				756298D6B6A7974D4C32E607 /* Pods-MayaExam-MayaExamUITests.debug.xcconfig */,
				4D55387CBE46C65F4389AFCC /* Pods-MayaExam-MayaExamUITests.release.xcconfig */,
				D3616713BF0A89416855644A /* Pods-MayaExamTests.debug.xcconfig */,
				1ACCBB3BF6F8D21DB32154DB /* Pods-MayaExamTests.release.xcconfig */,
			);
			path = Pods;
			sourceTree = "<group>";
		};
		C3D870B52F87DF4F00CB1007 = {
			isa = PBXGroup;
			children = (
				C3D870C02F87DF4F00CB1007 /* MayaExam */,
				C3D870D72F87DF5000CB1007 /* MayaExamTests */,
				C3D870E12F87DF5000CB1007 /* MayaExamUITests */,
				C3D870BF2F87DF4F00CB1007 /* Products */,
				84C48FF7B96ED057EDB912FB /* Pods */,
				CBCAAA3A2D60B51397886343 /* Frameworks */,
			);
			sourceTree = "<group>";
		};
		C3D870BF2F87DF4F00CB1007 /* Products */ = {
			isa = PBXGroup;
			children = (
				C3D870BE2F87DF4F00CB1007 /* MayaExam.app */,
				C3D870D42F87DF5000CB1007 /* MayaExamTests.xctest */,
				C3D870DE2F87DF5000CB1007 /* MayaExamUITests.xctest */,
			);
			name = Products;
			sourceTree = "<group>";
		};
		CBCAAA3A2D60B51397886343 /* Frameworks */ = {
			isa = PBXGroup;
			children = (
				589349ACFAEABB4D47C0CAFB /* Pods_MayaExam.framework */,
				3E62A7CE886A75C3575D4934 /* Pods_MayaExam_MayaExamUITests.framework */,
				7E7A6549EA96D9B958533CD0 /* Pods_MayaExamTests.framework */,
			);
			name = Frameworks;
			sourceTree = "<group>";
		};
/* End PBXGroup section */

/* Begin PBXNativeTarget section */
		C3D870BD2F87DF4F00CB1007 /* MayaExam */ = {
			isa = PBXNativeTarget;
			buildConfigurationList = C3D870E72F87DF5000CB1007 /* Build configuration list for PBXNativeTarget "MayaExam" */;
			buildPhases = (
				7DA2021873094194FB615EF3 /* [CP] Check Pods Manifest.lock */,
				C3D870BA2F87DF4F00CB1007 /* Sources */,
				C3D870BB2F87DF4F00CB1007 /* Frameworks */,
				C3D870BC2F87DF4F00CB1007 /* Resources */,
				72204DC7A00674F1DE2BF3F0 /* [CP] Embed Pods Frameworks */,
			);
			buildRules = (
			);
			dependencies = (
			);
			fileSystemSynchronizedGroups = (
				C3D870C02F87DF4F00CB1007 /* MayaExam */,
			);
			name = MayaExam;
			productName = MayaExam;
			productReference = C3D870BE2F87DF4F00CB1007 /* MayaExam.app */;
			productType = "com.apple.product-type.application";
		};
		C3D870D32F87DF5000CB1007 /* MayaExamTests */ = {
			isa = PBXNativeTarget;
			buildConfigurationList = C3D870EC2F87DF5000CB1007 /* Build configuration list for PBXNativeTarget "MayaExamTests" */;
			buildPhases = (
				37FA9C9E9B6BEE7DAFD1EE41 /* [CP] Check Pods Manifest.lock */,
				C3D870D02F87DF5000CB1007 /* Sources */,
				C3D870D12F87DF5000CB1007 /* Frameworks */,
				C3D870D22F87DF5000CB1007 /* Resources */,
			);
			buildRules = (
			);
			dependencies = (
				C3D870D62F87DF5000CB1007 /* PBXTargetDependency */,
			);
			fileSystemSynchronizedGroups = (
				C3D870D72F87DF5000CB1007 /* MayaExamTests */,
			);
			name = MayaExamTests;
			productName = MayaExamTests;
			productReference = C3D870D42F87DF5000CB1007 /* MayaExamTests.xctest */;
			productType = "com.apple.product-type.bundle.unit-test";
		};
		C3D870DD2F87DF5000CB1007 /* MayaExamUITests */ = {
			isa = PBXNativeTarget;
			buildConfigurationList = C3D870EF2F87DF5000CB1007 /* Build configuration list for PBXNativeTarget "MayaExamUITests" */;
			buildPhases = (
				B24AD2E1E9F7259CF494AE01 /* [CP] Check Pods Manifest.lock */,
				C3D870DA2F87DF5000CB1007 /* Sources */,
				C3D870DB2F87DF5000CB1007 /* Frameworks */,
				C3D870DC2F87DF5000CB1007 /* Resources */,
				2E919FE35C82C6B8D7F318A4 /* [CP] Embed Pods Frameworks */,
			);
			buildRules = (
			);
			dependencies = (
				C3D870E02F87DF5000CB1007 /* PBXTargetDependency */,
			);
			fileSystemSynchronizedGroups = (
				C3D870E12F87DF5000CB1007 /* MayaExamUITests */,
			);
			name = MayaExamUITests;
			productName = MayaExamUITests;
			productReference = C3D870DE2F87DF5000CB1007 /* MayaExamUITests.xctest */;
			productType = "com.apple.product-type.bundle.ui-testing";
		};
/* End PBXNativeTarget section */

/* Begin PBXProject section */
		C3D870B62F87DF4F00CB1007 /* Project object */ = {
			isa = PBXProject;
			attributes = {
				BuildIndependentTargetsInParallel = 1;
				LastSwiftUpdateCheck = 2630;
				LastUpgradeCheck = 2630;
				TargetAttributes = {
					C3D870BD2F87DF4F00CB1007 = {
						CreatedOnToolsVersion = 26.3;
					};
					C3D870D32F87DF5000CB1007 = {
						CreatedOnToolsVersion = 26.3;
						TestTargetID = C3D870BD2F87DF4F00CB1007;
					};
					C3D870DD2F87DF5000CB1007 = {
						CreatedOnToolsVersion = 26.3;
						TestTargetID = C3D870BD2F87DF4F00CB1007;
					};
				};
			};
			buildConfigurationList = C3D870B92F87DF4F00CB1007 /* Build configuration list for PBXProject "MayaExam" */;
			developmentRegion = en;
			hasScannedForEncodings = 0;
			knownRegions = (
				en,
				Base,
			);
			mainGroup = C3D870B52F87DF4F00CB1007;
			minimizedProjectReferenceProxies = 1;
			preferredProjectObjectVersion = 77;
			productRefGroup = C3D870BF2F87DF4F00CB1007 /* Products */;
			projectDirPath = "";
			projectRoot = "";
			targets = (
				C3D870BD2F87DF4F00CB1007 /* MayaExam */,
				C3D870D32F87DF5000CB1007 /* MayaExamTests */,
				C3D870DD2F87DF5000CB1007 /* MayaExamUITests */,
			);
		};
/* End PBXProject section */

/* Begin PBXResourcesBuildPhase section */
		C3D870BC2F87DF4F00CB1007 /* Resources */ = {
			isa = PBXResourcesBuildPhase;
			buildActionMask = 2147483647;
			files = (
			);
			runOnlyForDeploymentPostprocessing = 0;
		};
		C3D870D22F87DF5000CB1007 /* Resources */ = {
			isa = PBXResourcesBuildPhase;
			buildActionMask = 2147483647;
			files = (
			);
			runOnlyForDeploymentPostprocessing = 0;
		};
		C3D870DC2F87DF5000CB1007 /* Resources */ = {
			isa = PBXResourcesBuildPhase;
			buildActionMask = 2147483647;
			files = (
			);
			runOnlyForDeploymentPostprocessing = 0;
		};
/* End PBXResourcesBuildPhase section */

/* Begin PBXShellScriptBuildPhase section */
		2E919FE35C82C6B8D7F318A4 /* [CP] Embed Pods Frameworks */ = {
			isa = PBXShellScriptBuildPhase;
			buildActionMask = 2147483647;
			files = (
			);
			inputFileListPaths = (
				"${PODS_ROOT}/Target Support Files/Pods-MayaExam-MayaExamUITests/Pods-MayaExam-MayaExamUITests-frameworks-${CONFIGURATION}-input-files.xcfilelist",
			);
			name = "[CP] Embed Pods Frameworks";
			outputFileListPaths = (
				"${PODS_ROOT}/Target Support Files/Pods-MayaExam-MayaExamUITests/Pods-MayaExam-MayaExamUITests-frameworks-${CONFIGURATION}-output-files.xcfilelist",
			);
			runOnlyForDeploymentPostprocessing = 0;
			shellPath = /bin/sh;
			shellScript = "\"${PODS_ROOT}/Target Support Files/Pods-MayaExam-MayaExamUITests/Pods-MayaExam-MayaExamUITests-frameworks.sh\"\n";
			showEnvVarsInLog = 0;
		};
		37FA9C9E9B6BEE7DAFD1EE41 /* [CP] Check Pods Manifest.lock */ = {
			isa = PBXShellScriptBuildPhase;
			buildActionMask = 2147483647;
			files = (
			);
			inputFileListPaths = (
			);
			inputPaths = (
				"${PODS_PODFILE_DIR_PATH}/Podfile.lock",
				"${PODS_ROOT}/Manifest.lock",
			);
			name = "[CP] Check Pods Manifest.lock";
			outputFileListPaths = (
			);
			outputPaths = (
				"$(DERIVED_FILE_DIR)/Pods-MayaExamTests-checkManifestLockResult.txt",
			);
			runOnlyForDeploymentPostprocessing = 0;
			shellPath = /bin/sh;
			shellScript = "diff \"${PODS_PODFILE_DIR_PATH}/Podfile.lock\" \"${PODS_ROOT}/Manifest.lock\" > /dev/null\nif [ $? != 0 ] ; then\n    # print error to STDERR\n    echo \"error: The sandbox is not in sync with the Podfile.lock. Run 'pod install' or update your CocoaPods installation.\" >&2\n    exit 1\nfi\n# This output is used by Xcode 'outputs' to avoid re-running this script phase.\necho \"SUCCESS\" > \"${SCRIPT_OUTPUT_FILE_0}\"\n";
			showEnvVarsInLog = 0;
		};
		72204DC7A00674F1DE2BF3F0 /* [CP] Embed Pods Frameworks */ = {
			isa = PBXShellScriptBuildPhase;
			buildActionMask = 2147483647;
			files = (
			);
			inputFileListPaths = (
				"${PODS_ROOT}/Target Support Files/Pods-MayaExam/Pods-MayaExam-frameworks-${CONFIGURATION}-input-files.xcfilelist",
			);
			name = "[CP] Embed Pods Frameworks";
			outputFileListPaths = (
				"${PODS_ROOT}/Target Support Files/Pods-MayaExam/Pods-MayaExam-frameworks-${CONFIGURATION}-output-files.xcfilelist",
			);
			runOnlyForDeploymentPostprocessing = 0;
			shellPath = /bin/sh;
			shellScript = "\"${PODS_ROOT}/Target Support Files/Pods-MayaExam/Pods-MayaExam-frameworks.sh\"\n";
			showEnvVarsInLog = 0;
		};
		7DA2021873094194FB615EF3 /* [CP] Check Pods Manifest.lock */ = {
			isa = PBXShellScriptBuildPhase;
			buildActionMask = 2147483647;
			files = (
			);
			inputFileListPaths = (
			);
			inputPaths = (
				"${PODS_PODFILE_DIR_PATH}/Podfile.lock",
				"${PODS_ROOT}/Manifest.lock",
			);
			name = "[CP] Check Pods Manifest.lock";
			outputFileListPaths = (
			);
			outputPaths = (
				"$(DERIVED_FILE_DIR)/Pods-MayaExam-checkManifestLockResult.txt",
			);
			runOnlyForDeploymentPostprocessing = 0;
			shellPath = /bin/sh;
			shellScript = "diff \"${PODS_PODFILE_DIR_PATH}/Podfile.lock\" \"${PODS_ROOT}/Manifest.lock\" > /dev/null\nif [ $? != 0 ] ; then\n    # print error to STDERR\n    echo \"error: The sandbox is not in sync with the Podfile.lock. Run 'pod install' or update your CocoaPods installation.\" >&2\n    exit 1\nfi\n# This output is used by Xcode 'outputs' to avoid re-running this script phase.\necho \"SUCCESS\" > \"${SCRIPT_OUTPUT_FILE_0}\"\n";
			showEnvVarsInLog = 0;
		};
		B24AD2E1E9F7259CF494AE01 /* [CP] Check Pods Manifest.lock */ = {
			isa = PBXShellScriptBuildPhase;
			buildActionMask = 2147483647;
			files = (
			);
			inputFileListPaths = (
			);
			inputPaths = (
				"${PODS_PODFILE_DIR_PATH}/Podfile.lock",
				"${PODS_ROOT}/Manifest.lock",
			);
			name = "[CP] Check Pods Manifest.lock";
			outputFileListPaths = (
			);
			outputPaths = (
				"$(DERIVED_FILE_DIR)/Pods-MayaExam-MayaExamUITests-checkManifestLockResult.txt",
			);
			runOnlyForDeploymentPostprocessing = 0;
			shellPath = /bin/sh;
			shellScript = "diff \"${PODS_PODFILE_DIR_PATH}/Podfile.lock\" \"${PODS_ROOT}/Manifest.lock\" > /dev/null\nif [ $? != 0 ] ; then\n    # print error to STDERR\n    echo \"error: The sandbox is not in sync with the Podfile.lock. Run 'pod install' or update your CocoaPods installation.\" >&2\n    exit 1\nfi\n# This output is used by Xcode 'outputs' to avoid re-running this script phase.\necho \"SUCCESS\" > \"${SCRIPT_OUTPUT_FILE_0}\"\n";
			showEnvVarsInLog = 0;
		};
/* End PBXShellScriptBuildPhase section */

/* Begin PBXSourcesBuildPhase section */
		C3D870BA2F87DF4F00CB1007 /* Sources */ = {
			isa = PBXSourcesBuildPhase;
			buildActionMask = 2147483647;
			files = (
			);
			runOnlyForDeploymentPostprocessing = 0;
		};
		C3D870D02F87DF5000CB1007 /* Sources */ = {
			isa = PBXSourcesBuildPhase;
			buildActionMask = 2147483647;
			files = (
			);
			runOnlyForDeploymentPostprocessing = 0;
		};
		C3D870DA2F87DF5000CB1007 /* Sources */ = {
			isa = PBXSourcesBuildPhase;
			buildActionMask = 2147483647;
			files = (
			);
			runOnlyForDeploymentPostprocessing = 0;
		};
/* End PBXSourcesBuildPhase section */

/* Begin PBXTargetDependency section */
		C3D870D62F87DF5000CB1007 /* PBXTargetDependency */ = {
			isa = PBXTargetDependency;
			target = C3D870BD2F87DF4F00CB1007 /* MayaExam */;
			targetProxy = C3D870D52F87DF5000CB1007 /* PBXContainerItemProxy */;
		};
		C3D870E02F87DF5000CB1007 /* PBXTargetDependency */ = {
			isa = PBXTargetDependency;
			target = C3D870BD2F87DF4F00CB1007 /* MayaExam */;
			targetProxy = C3D870DF2F87DF5000CB1007 /* PBXContainerItemProxy */;
		};
/* End PBXTargetDependency section */

/* Begin XCBuildConfiguration section */
		C3D870E82F87DF5000CB1007 /* Debug */ = {
			isa = XCBuildConfiguration;
			baseConfigurationReference = 07D24EB11F9E9F3B11E75DD8 /* Pods-MayaExam.debug.xcconfig */;
			buildSettings = {
				ASSETCATALOG_COMPILER_APPICON_NAME = AppIcon;
				ASSETCATALOG_COMPILER_GLOBAL_ACCENT_COLOR_NAME = AccentColor;
				CODE_SIGN_STYLE = Automatic;
				CURRENT_PROJECT_VERSION = 1;
				DEVELOPMENT_TEAM = J7437PD3QC;
				ENABLE_USER_SCRIPT_SANDBOXING = NO;
				GENERATE_INFOPLIST_FILE = YES;
				INFOPLIST_FILE = MayaExam/Info.plist;
				INFOPLIST_KEY_UIApplicationSupportsIndirectInputEvents = YES;
				INFOPLIST_KEY_UILaunchStoryboardName = LaunchScreen;
				INFOPLIST_KEY_UISupportedInterfaceOrientations_iPad = "UIInterfaceOrientationPortrait UIInterfaceOrientationPortraitUpsideDown UIInterfaceOrientationLandscapeLeft UIInterfaceOrientationLandscapeRight";
				INFOPLIST_KEY_UISupportedInterfaceOrientations_iPhone = "UIInterfaceOrientationPortrait UIInterfaceOrientationLandscapeLeft UIInterfaceOrientationLandscapeRight";
				LD_RUNPATH_SEARCH_PATHS = (
					"$(inherited)",
					"@executable_path/Frameworks",
				);
				MARKETING_VERSION = 1.0;
				PRODUCT_BUNDLE_IDENTIFIER = com.johnrussel.usi.MayaExam;
				PRODUCT_NAME = "$(TARGET_NAME)";
				STRING_CATALOG_GENERATE_SYMBOLS = YES;
				SWIFT_APPROACHABLE_CONCURRENCY = YES;
				SWIFT_DEFAULT_ACTOR_ISOLATION = MainActor;
				SWIFT_EMIT_LOC_STRINGS = YES;
				SWIFT_UPCOMING_FEATURE_MEMBER_IMPORT_VISIBILITY = YES;
				SWIFT_VERSION = 5.0;
				TARGETED_DEVICE_FAMILY = "1,2";
			};
			name = Debug;
		};
		C3D870E92F87DF5000CB1007 /* Release */ = {
			isa = XCBuildConfiguration;
			baseConfigurationReference = 572C5D84D5F7BC9A1F4B4312 /* Pods-MayaExam.release.xcconfig */;
			buildSettings = {
				ASSETCATALOG_COMPILER_APPICON_NAME = AppIcon;
				ASSETCATALOG_COMPILER_GLOBAL_ACCENT_COLOR_NAME = AccentColor;
				CODE_SIGN_STYLE = Automatic;
				CURRENT_PROJECT_VERSION = 1;
				DEVELOPMENT_TEAM = J7437PD3QC;
				ENABLE_USER_SCRIPT_SANDBOXING = NO;
				GENERATE_INFOPLIST_FILE = YES;
				INFOPLIST_FILE = MayaExam/Info.plist;
				INFOPLIST_KEY_UIApplicationSupportsIndirectInputEvents = YES;
				INFOPLIST_KEY_UILaunchStoryboardName = LaunchScreen;
				INFOPLIST_KEY_UISupportedInterfaceOrientations_iPad = "UIInterfaceOrientationPortrait UIInterfaceOrientationPortraitUpsideDown UIInterfaceOrientationLandscapeLeft UIInterfaceOrientationLandscapeRight";
				INFOPLIST_KEY_UISupportedInterfaceOrientations_iPhone = "UIInterfaceOrientationPortrait UIInterfaceOrientationLandscapeLeft UIInterfaceOrientationLandscapeRight";
				LD_RUNPATH_SEARCH_PATHS = (
					"$(inherited)",
					"@executable_path/Frameworks",
				);
				MARKETING_VERSION = 1.0;
				PRODUCT_BUNDLE_IDENTIFIER = com.johnrussel.usi.MayaExam;
				PRODUCT_NAME = "$(TARGET_NAME)";
				STRING_CATALOG_GENERATE_SYMBOLS = YES;
				SWIFT_APPROACHABLE_CONCURRENCY = YES;
				SWIFT_DEFAULT_ACTOR_ISOLATION = MainActor;
				SWIFT_EMIT_LOC_STRINGS = YES;
				SWIFT_UPCOMING_FEATURE_MEMBER_IMPORT_VISIBILITY = YES;
				SWIFT_VERSION = 5.0;
				TARGETED_DEVICE_FAMILY = "1,2";
			};
			name = Release;
		};
		C3D870EA2F87DF5000CB1007 /* Debug */ = {
			isa = XCBuildConfiguration;
			buildSettings = {
				ALWAYS_SEARCH_USER_PATHS = NO;
				ASSETCATALOG_COMPILER_GENERATE_SWIFT_ASSET_SYMBOL_EXTENSIONS = YES;
				CLANG_ANALYZER_NONNULL = YES;
				CLANG_ANALYZER_NUMBER_OBJECT_CONVERSION = YES_AGGRESSIVE;
				CLANG_CXX_LANGUAGE_STANDARD = "gnu++20";
				CLANG_ENABLE_MODULES = YES;
				CLANG_ENABLE_OBJC_ARC = YES;
				CLANG_ENABLE_OBJC_WEAK = YES;
				CLANG_WARN_BLOCK_CAPTURE_AUTORELEASING = YES;
				CLANG_WARN_BOOL_CONVERSION = YES;
				CLANG_WARN_COMMA = YES;
				CLANG_WARN_CONSTANT_CONVERSION = YES;
				CLANG_WARN_DEPRECATED_OBJC_IMPLEMENTATIONS = YES;
				CLANG_WARN_DIRECT_OBJC_ISA_USAGE = YES_ERROR;
				CLANG_WARN_DOCUMENTATION_COMMENTS = YES;
				CLANG_WARN_EMPTY_BODY = YES;
				CLANG_WARN_ENUM_CONVERSION = YES;
				CLANG_WARN_INFINITE_RECURSION = YES;
				CLANG_WARN_INT_CONVERSION = YES;
				CLANG_WARN_NON_LITERAL_NULL_CONVERSION = YES;
				CLANG_WARN_OBJC_IMPLICIT_RETAIN_SELF = YES;
				CLANG_WARN_OBJC_LITERAL_CONVERSION = YES;
				CLANG_WARN_OBJC_ROOT_CLASS = YES_ERROR;
				CLANG_WARN_QUOTED_INCLUDE_IN_FRAMEWORK_HEADER = YES;
				CLANG_WARN_RANGE_LOOP_ANALYSIS = YES;
				CLANG_WARN_STRICT_PROTOTYPES = YES;
				CLANG_WARN_SUSPICIOUS_MOVE = YES;
				CLANG_WARN_UNGUARDED_AVAILABILITY = YES_AGGRESSIVE;
				CLANG_WARN_UNREACHABLE_CODE = YES;
				CLANG_WARN__DUPLICATE_METHOD_MATCH = YES;
				COPY_PHASE_STRIP = NO;
				DEBUG_INFORMATION_FORMAT = dwarf;
				DEVELOPMENT_TEAM = J7437PD3QC;
				ENABLE_STRICT_OBJC_MSGSEND = YES;
				ENABLE_TESTABILITY = YES;
				ENABLE_USER_SCRIPT_SANDBOXING = YES;
				GCC_C_LANGUAGE_STANDARD = gnu17;
				GCC_DYNAMIC_NO_PIC = NO;
				GCC_NO_COMMON_BLOCKS = YES;
				GCC_OPTIMIZATION_LEVEL = 0;
				GCC_PREPROCESSOR_DEFINITIONS = (
					"DEBUG=1",
					"$(inherited)",
				);
				GCC_WARN_64_TO_32_BIT_CONVERSION = YES;
				GCC_WARN_ABOUT_RETURN_TYPE = YES_ERROR;
				GCC_WARN_UNDECLARED_SELECTOR = YES;
				GCC_WARN_UNINITIALIZED_AUTOS = YES_AGGRESSIVE;
				GCC_WARN_UNUSED_FUNCTION = YES;
				GCC_WARN_UNUSED_VARIABLE = YES;
				IPHONEOS_DEPLOYMENT_TARGET = 26.2;
				LOCALIZATION_PREFERS_STRING_CATALOGS = YES;
				MTL_ENABLE_DEBUG_INFO = INCLUDE_SOURCE;
				MTL_FAST_MATH = YES;
				ONLY_ACTIVE_ARCH = YES;
				SDKROOT = iphoneos;
				SWIFT_ACTIVE_COMPILATION_CONDITIONS = "DEBUG $(inherited)";
				SWIFT_OPTIMIZATION_LEVEL = "-Onone";
			};
			name = Debug;
		};
		C3D870EB2F87DF5000CB1007 /* Release */ = {
			isa = XCBuildConfiguration;
			buildSettings = {
				ALWAYS_SEARCH_USER_PATHS = NO;
				ASSETCATALOG_COMPILER_GENERATE_SWIFT_ASSET_SYMBOL_EXTENSIONS = YES;
				CLANG_ANALYZER_NONNULL = YES;
				CLANG_ANALYZER_NUMBER_OBJECT_CONVERSION = YES_AGGRESSIVE;
				CLANG_CXX_LANGUAGE_STANDARD = "gnu++20";
				CLANG_ENABLE_MODULES = YES;
				CLANG_ENABLE_OBJC_ARC = YES;
				CLANG_ENABLE_OBJC_WEAK = YES;
				CLANG_WARN_BLOCK_CAPTURE_AUTORELEASING = YES;
				CLANG_WARN_BOOL_CONVERSION = YES;
				CLANG_WARN_COMMA = YES;
				CLANG_WARN_CONSTANT_CONVERSION = YES;
				CLANG_WARN_DEPRECATED_OBJC_IMPLEMENTATIONS = YES;
				CLANG_WARN_DIRECT_OBJC_ISA_USAGE = YES_ERROR;
				CLANG_WARN_DOCUMENTATION_COMMENTS = YES;
				CLANG_WARN_EMPTY_BODY = YES;
				CLANG_WARN_ENUM_CONVERSION = YES;
				CLANG_WARN_INFINITE_RECURSION = YES;
				CLANG_WARN_INT_CONVERSION = YES;
				CLANG_WARN_NON_LITERAL_NULL_CONVERSION = YES;
				CLANG_WARN_OBJC_IMPLICIT_RETAIN_SELF = YES;
				CLANG_WARN_OBJC_LITERAL_CONVERSION = YES;
				CLANG_WARN_OBJC_ROOT_CLASS = YES_ERROR;
				CLANG_WARN_QUOTED_INCLUDE_IN_FRAMEWORK_HEADER = YES;
				CLANG_WARN_RANGE_LOOP_ANALYSIS = YES;
				CLANG_WARN_STRICT_PROTOTYPES = YES;
				CLANG_WARN_SUSPICIOUS_MOVE = YES;
				CLANG_WARN_UNGUARDED_AVAILABILITY = YES_AGGRESSIVE;
				CLANG_WARN_UNREACHABLE_CODE = YES;
				CLANG_WARN__DUPLICATE_METHOD_MATCH = YES;
				COPY_PHASE_STRIP = NO;
				DEBUG_INFORMATION_FORMAT = "dwarf-with-dsym";
				DEVELOPMENT_TEAM = J7437PD3QC;
				ENABLE_NS_ASSERTIONS = NO;
				ENABLE_STRICT_OBJC_MSGSEND = YES;
				ENABLE_USER_SCRIPT_SANDBOXING = YES;
				GCC_C_LANGUAGE_STANDARD = gnu17;
				GCC_NO_COMMON_BLOCKS = YES;
				GCC_WARN_64_TO_32_BIT_CONVERSION = YES;
				GCC_WARN_ABOUT_RETURN_TYPE = YES_ERROR;
				GCC_WARN_UNDECLARED_SELECTOR = YES;
				GCC_WARN_UNINITIALIZED_AUTOS = YES_AGGRESSIVE;
				GCC_WARN_UNUSED_FUNCTION = YES;
				GCC_WARN_UNUSED_VARIABLE = YES;
				IPHONEOS_DEPLOYMENT_TARGET = 26.2;
				LOCALIZATION_PREFERS_STRING_CATALOGS = YES;
				MTL_ENABLE_DEBUG_INFO = NO;
				MTL_FAST_MATH = YES;
				SDKROOT = iphoneos;
				SWIFT_COMPILATION_MODE = wholemodule;
				VALIDATE_PRODUCT = YES;
			};
			name = Release;
		};
		C3D870ED2F87DF5000CB1007 /* Debug */ = {
			isa = XCBuildConfiguration;
			baseConfigurationReference = D3616713BF0A89416855644A /* Pods-MayaExamTests.debug.xcconfig */;
			buildSettings = {
				BUNDLE_LOADER = "$(TEST_HOST)";
				CODE_SIGN_STYLE = Automatic;
				CURRENT_PROJECT_VERSION = 1;
				DEVELOPMENT_TEAM = J7437PD3QC;
				ENABLE_USER_SCRIPT_SANDBOXING = NO;
				GENERATE_INFOPLIST_FILE = YES;
				IPHONEOS_DEPLOYMENT_TARGET = 26.2;
				MARKETING_VERSION = 1.0;
				PRODUCT_BUNDLE_IDENTIFIER = com.johnrussel.usi.MayaExamTests;
				PRODUCT_NAME = "$(TARGET_NAME)";
				STRING_CATALOG_GENERATE_SYMBOLS = NO;
				SWIFT_APPROACHABLE_CONCURRENCY = YES;
				SWIFT_EMIT_LOC_STRINGS = NO;
				SWIFT_UPCOMING_FEATURE_MEMBER_IMPORT_VISIBILITY = YES;
				SWIFT_VERSION = 5.0;
				TARGETED_DEVICE_FAMILY = "1,2";
				TEST_HOST = "$(BUILT_PRODUCTS_DIR)/MayaExam.app/$(BUNDLE_EXECUTABLE_FOLDER_PATH)/MayaExam";
			};
			name = Debug;
		};
		C3D870EE2F87DF5000CB1007 /* Release */ = {
			isa = XCBuildConfiguration;
			baseConfigurationReference = 1ACCBB3BF6F8D21DB32154DB /* Pods-MayaExamTests.release.xcconfig */;
			buildSettings = {
				BUNDLE_LOADER = "$(TEST_HOST)";
				CODE_SIGN_STYLE = Automatic;
				CURRENT_PROJECT_VERSION = 1;
				DEVELOPMENT_TEAM = J7437PD3QC;
				ENABLE_USER_SCRIPT_SANDBOXING = NO;
				GENERATE_INFOPLIST_FILE = YES;
				IPHONEOS_DEPLOYMENT_TARGET = 26.2;
				MARKETING_VERSION = 1.0;
				PRODUCT_BUNDLE_IDENTIFIER = com.johnrussel.usi.MayaExamTests;
				PRODUCT_NAME = "$(TARGET_NAME)";
				STRING_CATALOG_GENERATE_SYMBOLS = NO;
				SWIFT_APPROACHABLE_CONCURRENCY = YES;
				SWIFT_EMIT_LOC_STRINGS = NO;
				SWIFT_UPCOMING_FEATURE_MEMBER_IMPORT_VISIBILITY = YES;
				SWIFT_VERSION = 5.0;
				TARGETED_DEVICE_FAMILY = "1,2";
				TEST_HOST = "$(BUILT_PRODUCTS_DIR)/MayaExam.app/$(BUNDLE_EXECUTABLE_FOLDER_PATH)/MayaExam";
			};
			name = Release;
		};
		C3D870F02F87DF5000CB1007 /* Debug */ = {
			isa = XCBuildConfiguration;
			baseConfigurationReference = 756298D6B6A7974D4C32E607 /* Pods-MayaExam-MayaExamUITests.debug.xcconfig */;
			buildSettings = {
				CODE_SIGN_STYLE = Automatic;
				CURRENT_PROJECT_VERSION = 1;
				DEVELOPMENT_TEAM = J7437PD3QC;
				ENABLE_USER_SCRIPT_SANDBOXING = NO;
				GENERATE_INFOPLIST_FILE = YES;
				MARKETING_VERSION = 1.0;
				PRODUCT_BUNDLE_IDENTIFIER = com.johnrussel.usi.MayaExamUITests;
				PRODUCT_NAME = "$(TARGET_NAME)";
				STRING_CATALOG_GENERATE_SYMBOLS = NO;
				SWIFT_APPROACHABLE_CONCURRENCY = YES;
				SWIFT_EMIT_LOC_STRINGS = NO;
				SWIFT_UPCOMING_FEATURE_MEMBER_IMPORT_VISIBILITY = YES;
				SWIFT_VERSION = 5.0;
				TARGETED_DEVICE_FAMILY = "1,2";
				TEST_TARGET_NAME = MayaExam;
			};
			name = Debug;
		};
		C3D870F12F87DF5000CB1007 /* Release */ = {
			isa = XCBuildConfiguration;
			baseConfigurationReference = 4D55387CBE46C65F4389AFCC /* Pods-MayaExam-MayaExamUITests.release.xcconfig */;
			buildSettings = {
				CODE_SIGN_STYLE = Automatic;
				CURRENT_PROJECT_VERSION = 1;
				DEVELOPMENT_TEAM = J7437PD3QC;
				ENABLE_USER_SCRIPT_SANDBOXING = NO;
				GENERATE_INFOPLIST_FILE = YES;
				MARKETING_VERSION = 1.0;
				PRODUCT_BUNDLE_IDENTIFIER = com.johnrussel.usi.MayaExamUITests;
				PRODUCT_NAME = "$(TARGET_NAME)";
				STRING_CATALOG_GENERATE_SYMBOLS = NO;
				SWIFT_APPROACHABLE_CONCURRENCY = YES;
				SWIFT_EMIT_LOC_STRINGS = NO;
				SWIFT_UPCOMING_FEATURE_MEMBER_IMPORT_VISIBILITY = YES;
				SWIFT_VERSION = 5.0;
				TARGETED_DEVICE_FAMILY = "1,2";
				TEST_TARGET_NAME = MayaExam;
			};
			name = Release;
		};
/* End XCBuildConfiguration section */

/* Begin XCConfigurationList section */
		C3D870B92F87DF4F00CB1007 /* Build configuration list for PBXProject "MayaExam" */ = {
			isa = XCConfigurationList;
			buildConfigurations = (
				C3D870EA2F87DF5000CB1007 /* Debug */,
				C3D870EB2F87DF5000CB1007 /* Release */,
			);
			defaultConfigurationIsVisible = 0;
			defaultConfigurationName = Release;
		};
		C3D870E72F87DF5000CB1007 /* Build configuration list for PBXNativeTarget "MayaExam" */ = {
			isa = XCConfigurationList;
			buildConfigurations = (
				C3D870E82F87DF5000CB1007 /* Debug */,
				C3D870E92F87DF5000CB1007 /* Release */,
			);
			defaultConfigurationIsVisible = 0;
			defaultConfigurationName = Release;
		};
		C3D870EC2F87DF5000CB1007 /* Build configuration list for PBXNativeTarget "MayaExamTests" */ = {
			isa = XCConfigurationList;
			buildConfigurations = (
				C3D870ED2F87DF5000CB1007 /* Debug */,
				C3D870EE2F87DF5000CB1007 /* Release */,
			);
			defaultConfigurationIsVisible = 0;
			defaultConfigurationName = Release;
		};
		C3D870EF2F87DF5000CB1007 /* Build configuration list for PBXNativeTarget "MayaExamUITests" */ = {
			isa = XCConfigurationList;
			buildConfigurations = (
				C3D870F02F87DF5000CB1007 /* Debug */,
				C3D870F12F87DF5000CB1007 /* Release */,
			);
			defaultConfigurationIsVisible = 0;
			defaultConfigurationName = Release;
		};
/* End XCConfigurationList section */
	};
	rootObject = C3D870B62F87DF4F00CB1007 /* Project object */;
}
